
Microsoft Visual Studio Solution File, Format Version 12.00
# Visual Studio Version 17
Project("{2150E333-8FDC-42A3-9474-1A3956D46DE8}") = "CMakePredefinedTargets", "CMakePredefinedTargets", "{31FA9E36-694B-37EA-BCED-CD65E60DBDF3}"
EndProject
Project("{2150E333-8FDC-42A3-9474-1A3956D46DE8}") = "External", "External", "{38633762-F043-39FA-B3D9-EC6540D9FE54}"
EndProject
Project("{2150E333-8FDC-42A3-9474-1A3956D46DE8}") = "Internal", "Internal", "{DE8E68DC-4692-33D2-BBFB-E4CBF4DE1824}"
EndProject
Project("{8BC9CEB8-8B4A-11D0-8D11-00A0C91BC942}") = "ALL_BUILD", "ALL_BUILD.vcxproj", "{0CE586D1-8F16-3F20-8E4D-A20CA13F1BFD}"
	ProjectSection(ProjectDependencies) = postProject
		{64F92EA7-6A26-31F7-9B65-463352DF63EF} = {64F92EA7-6A26-31F7-9B65-463352DF63EF}
		{FF0ED3A5-2D20-34CE-BA49-F43B1E2F817A} = {FF0ED3A5-2D20-34CE-BA49-F43B1E2F817A}
		{3229DFE7-4EBA-3C84-99BF-EA1101C2C7A8} = {3229DFE7-4EBA-3C84-99BF-EA1101C2C7A8}
		{78641E10-E58C-3507-9AD8-9790AE1B8001} = {78641E10-E58C-3507-9AD8-9790AE1B8001}
		{D1510D52-5242-3096-A2C3-9697648F9FC5} = {D1510D52-5242-3096-A2C3-9697648F9FC5}
		{34E6F2A2-5F4A-3047-9736-DD2E096439BD} = {34E6F2A2-5F4A-3047-9736-DD2E096439BD}
		{3FA4D958-6853-3F20-818B-209073CDB610} = {3FA4D958-6853-3F20-818B-209073CDB610}
		{8B50AC7F-F436-3FDB-940E-0E52B203F21F} = {8B50AC7F-F436-3FDB-940E-0E52B203F21F}
		{506FA620-3AD1-3FE8-8B8F-0FF1357AB69C} = {506FA620-3AD1-3FE8-8B8F-0FF1357AB69C}
		{732D0689-437F-382F-8442-AD4B9965FFB2} = {732D0689-437F-382F-8442-AD4B9965FFB2}
		{5E470192-1354-396F-8BC7-2FF5340DE751} = {5E470192-1354-396F-8BC7-2FF5340DE751}
		{B07073EB-67DA-3820-AC4A-762CBCF13692} = {B07073EB-67DA-3820-AC4A-762CBCF13692}
		{E98A2501-3EBF-3081-8B67-E9C58DDCEBB2} = {E98A2501-3EBF-3081-8B67-E9C58DDCEBB2}
	EndProjectSection
EndProject
Project("{8BC9CEB8-8B4A-11D0-8D11-00A0C91BC942}") = "ZERO_CHECK", "..\..\..\\ZERO_CHECK.vcxproj", "{64F92EA7-6A26-31F7-9B65-463352DF63EF}"
	ProjectSection(ProjectDependencies) = postProject
	EndProjectSection
EndProject
Project("{8BC9CEB8-8B4A-11D0-8D11-00A0C91BC942}") = "cocos2d", "cocos2d.vcxproj", "{FF0ED3A5-2D20-34CE-BA49-F43B1E2F817A}"
	ProjectSection(ProjectDependencies) = postProject
		{64F92EA7-6A26-31F7-9B65-463352DF63EF} = {64F92EA7-6A26-31F7-9B65-463352DF63EF}
		{3229DFE7-4EBA-3C84-99BF-EA1101C2C7A8} = {3229DFE7-4EBA-3C84-99BF-EA1101C2C7A8}
		{78641E10-E58C-3507-9AD8-9790AE1B8001} = {78641E10-E58C-3507-9AD8-9790AE1B8001}
		{D1510D52-5242-3096-A2C3-9697648F9FC5} = {D1510D52-5242-3096-A2C3-9697648F9FC5}
		{34E6F2A2-5F4A-3047-9736-DD2E096439BD} = {34E6F2A2-5F4A-3047-9736-DD2E096439BD}
		{3FA4D958-6853-3F20-818B-209073CDB610} = {3FA4D958-6853-3F20-818B-209073CDB610}
		{8B50AC7F-F436-3FDB-940E-0E52B203F21F} = {8B50AC7F-F436-3FDB-940E-0E52B203F21F}
		{506FA620-3AD1-3FE8-8B8F-0FF1357AB69C} = {506FA620-3AD1-3FE8-8B8F-0FF1357AB69C}
		{732D0689-437F-382F-8442-AD4B9965FFB2} = {732D0689-437F-382F-8442-AD4B9965FFB2}
		{5E470192-1354-396F-8BC7-2FF5340DE751} = {5E470192-1354-396F-8BC7-2FF5340DE751}
		{B07073EB-67DA-3820-AC4A-762CBCF13692} = {B07073EB-67DA-3820-AC4A-762CBCF13692}
		{E98A2501-3EBF-3081-8B67-E9C58DDCEBB2} = {E98A2501-3EBF-3081-8B67-E9C58DDCEBB2}
	EndProjectSection
EndProject
Project("{8BC9CEB8-8B4A-11D0-8D11-00A0C91BC942}") = "ext_clipper", "..\..\external\clipper\ext_clipper.vcxproj", "{3229DFE7-4EBA-3C84-99BF-EA1101C2C7A8}"
	ProjectSection(ProjectDependencies) = postProject
		{64F92EA7-6A26-31F7-9B65-463352DF63EF} = {64F92EA7-6A26-31F7-9B65-463352DF63EF}
	EndProjectSection
EndProject
Project("{8BC9CEB8-8B4A-11D0-8D11-00A0C91BC942}") = "ext_convertUTF", "..\..\external\ConvertUTF\ext_convertUTF.vcxproj", "{78641E10-E58C-3507-9AD8-9790AE1B8001}"
	ProjectSection(ProjectDependencies) = postProject
		{64F92EA7-6A26-31F7-9B65-463352DF63EF} = {64F92EA7-6A26-31F7-9B65-463352DF63EF}
	EndProjectSection
EndProject
Project("{8BC9CEB8-8B4A-11D0-8D11-00A0C91BC942}") = "ext_edtaa3func", "..\..\external\edtaa3func\ext_edtaa3func.vcxproj", "{D1510D52-5242-3096-A2C3-9697648F9FC5}"
	ProjectSection(ProjectDependencies) = postProject
		{64F92EA7-6A26-31F7-9B65-463352DF63EF} = {64F92EA7-6A26-31F7-9B65-463352DF63EF}
	EndProjectSection
EndProject
Project("{8BC9CEB8-8B4A-11D0-8D11-00A0C91BC942}") = "ext_md5", "..\..\external\md5\ext_md5.vcxproj", "{34E6F2A2-5F4A-3047-9736-DD2E096439BD}"
	ProjectSection(ProjectDependencies) = postProject
		{64F92EA7-6A26-31F7-9B65-463352DF63EF} = {64F92EA7-6A26-31F7-9B65-463352DF63EF}
	EndProjectSection
EndProject
Project("{8BC9CEB8-8B4A-11D0-8D11-00A0C91BC942}") = "ext_poly2tri", "..\..\external\poly2tri\ext_poly2tri.vcxproj", "{3FA4D958-6853-3F20-818B-209073CDB610}"
	ProjectSection(ProjectDependencies) = postProject
		{64F92EA7-6A26-31F7-9B65-463352DF63EF} = {64F92EA7-6A26-31F7-9B65-463352DF63EF}
	EndProjectSection
EndProject
Project("{8BC9CEB8-8B4A-11D0-8D11-00A0C91BC942}") = "ext_recast", "..\..\external\recast\ext_recast.vcxproj", "{8B50AC7F-F436-3FDB-940E-0E52B203F21F}"
	ProjectSection(ProjectDependencies) = postProject
		{64F92EA7-6A26-31F7-9B65-463352DF63EF} = {64F92EA7-6A26-31F7-9B65-463352DF63EF}
	EndProjectSection
EndProject
Project("{8BC9CEB8-8B4A-11D0-8D11-00A0C91BC942}") = "ext_tinyxml2", "..\..\external\tinyxml2\ext_tinyxml2.vcxproj", "{506FA620-3AD1-3FE8-8B8F-0FF1357AB69C}"
	ProjectSection(ProjectDependencies) = postProject
		{64F92EA7-6A26-31F7-9B65-463352DF63EF} = {64F92EA7-6A26-31F7-9B65-463352DF63EF}
	EndProjectSection
EndProject
Project("{8BC9CEB8-8B4A-11D0-8D11-00A0C91BC942}") = "ext_unzip", "..\..\external\unzip\ext_unzip.vcxproj", "{732D0689-437F-382F-8442-AD4B9965FFB2}"
	ProjectSection(ProjectDependencies) = postProject
		{64F92EA7-6A26-31F7-9B65-463352DF63EF} = {64F92EA7-6A26-31F7-9B65-463352DF63EF}
	EndProjectSection
EndProject
Project("{8BC9CEB8-8B4A-11D0-8D11-00A0C91BC942}") = "ext_xxhash", "..\..\external\xxhash\ext_xxhash.vcxproj", "{5E470192-1354-396F-8BC7-2FF5340DE751}"
	ProjectSection(ProjectDependencies) = postProject
		{64F92EA7-6A26-31F7-9B65-463352DF63EF} = {64F92EA7-6A26-31F7-9B65-463352DF63EF}
	EndProjectSection
EndProject
Project("{8BC9CEB8-8B4A-11D0-8D11-00A0C91BC942}") = "ext_xxtea", "..\..\external\xxtea\ext_xxtea.vcxproj", "{B07073EB-67DA-3820-AC4A-762CBCF13692}"
	ProjectSection(ProjectDependencies) = postProject
		{64F92EA7-6A26-31F7-9B65-463352DF63EF} = {64F92EA7-6A26-31F7-9B65-463352DF63EF}
	EndProjectSection
EndProject
Project("{8BC9CEB8-8B4A-11D0-8D11-00A0C91BC942}") = "external", "..\..\external\external.vcxproj", "{E98A2501-3EBF-3081-8B67-E9C58DDCEBB2}"
	ProjectSection(ProjectDependencies) = postProject
		{64F92EA7-6A26-31F7-9B65-463352DF63EF} = {64F92EA7-6A26-31F7-9B65-463352DF63EF}
		{3229DFE7-4EBA-3C84-99BF-EA1101C2C7A8} = {3229DFE7-4EBA-3C84-99BF-EA1101C2C7A8}
		{78641E10-E58C-3507-9AD8-9790AE1B8001} = {78641E10-E58C-3507-9AD8-9790AE1B8001}
		{D1510D52-5242-3096-A2C3-9697648F9FC5} = {D1510D52-5242-3096-A2C3-9697648F9FC5}
		{34E6F2A2-5F4A-3047-9736-DD2E096439BD} = {34E6F2A2-5F4A-3047-9736-DD2E096439BD}
		{3FA4D958-6853-3F20-818B-209073CDB610} = {3FA4D958-6853-3F20-818B-209073CDB610}
		{8B50AC7F-F436-3FDB-940E-0E52B203F21F} = {8B50AC7F-F436-3FDB-940E-0E52B203F21F}
		{506FA620-3AD1-3FE8-8B8F-0FF1357AB69C} = {506FA620-3AD1-3FE8-8B8F-0FF1357AB69C}
		{732D0689-437F-382F-8442-AD4B9965FFB2} = {732D0689-437F-382F-8442-AD4B9965FFB2}
		{5E470192-1354-396F-8BC7-2FF5340DE751} = {5E470192-1354-396F-8BC7-2FF5340DE751}
		{B07073EB-67DA-3820-AC4A-762CBCF13692} = {B07073EB-67DA-3820-AC4A-762CBCF13692}
	EndProjectSection
EndProject
Global
	GlobalSection(SolutionConfigurationPlatforms) = preSolution
		Debug|Win32 = Debug|Win32
		Release|Win32 = Release|Win32
		MinSizeRel|Win32 = MinSizeRel|Win32
		RelWithDebInfo|Win32 = RelWithDebInfo|Win32
	EndGlobalSection
	GlobalSection(ProjectConfigurationPlatforms) = postSolution
		{0CE586D1-8F16-3F20-8E4D-A20CA13F1BFD}.Debug|Win32.ActiveCfg = Debug|Win32
		{0CE586D1-8F16-3F20-8E4D-A20CA13F1BFD}.Release|Win32.ActiveCfg = Release|Win32
		{0CE586D1-8F16-3F20-8E4D-A20CA13F1BFD}.MinSizeRel|Win32.ActiveCfg = MinSizeRel|Win32
		{0CE586D1-8F16-3F20-8E4D-A20CA13F1BFD}.RelWithDebInfo|Win32.ActiveCfg = RelWithDebInfo|Win32
		{64F92EA7-6A26-31F7-9B65-463352DF63EF}.Debug|Win32.ActiveCfg = Debug|Win32
		{64F92EA7-6A26-31F7-9B65-463352DF63EF}.Debug|Win32.Build.0 = Debug|Win32
		{64F92EA7-6A26-31F7-9B65-463352DF63EF}.Release|Win32.ActiveCfg = Release|Win32
		{64F92EA7-6A26-31F7-9B65-463352DF63EF}.Release|Win32.Build.0 = Release|Win32
		{64F92EA7-6A26-31F7-9B65-463352DF63EF}.MinSizeRel|Win32.ActiveCfg = MinSizeRel|Win32
		{64F92EA7-6A26-31F7-9B65-463352DF63EF}.MinSizeRel|Win32.Build.0 = MinSizeRel|Win32
		{64F92EA7-6A26-31F7-9B65-463352DF63EF}.RelWithDebInfo|Win32.ActiveCfg = RelWithDebInfo|Win32
		{64F92EA7-6A26-31F7-9B65-463352DF63EF}.RelWithDebInfo|Win32.Build.0 = RelWithDebInfo|Win32
		{FF0ED3A5-2D20-34CE-BA49-F43B1E2F817A}.Debug|Win32.ActiveCfg = Debug|Win32
		{FF0ED3A5-2D20-34CE-BA49-F43B1E2F817A}.Debug|Win32.Build.0 = Debug|Win32
		{FF0ED3A5-2D20-34CE-BA49-F43B1E2F817A}.Release|Win32.ActiveCfg = Release|Win32
		{FF0ED3A5-2D20-34CE-BA49-F43B1E2F817A}.Release|Win32.Build.0 = Release|Win32
		{FF0ED3A5-2D20-34CE-BA49-F43B1E2F817A}.MinSizeRel|Win32.ActiveCfg = MinSizeRel|Win32
		{FF0ED3A5-2D20-34CE-BA49-F43B1E2F817A}.MinSizeRel|Win32.Build.0 = MinSizeRel|Win32
		{FF0ED3A5-2D20-34CE-BA49-F43B1E2F817A}.RelWithDebInfo|Win32.ActiveCfg = RelWithDebInfo|Win32
		{FF0ED3A5-2D20-34CE-BA49-F43B1E2F817A}.RelWithDebInfo|Win32.Build.0 = RelWithDebInfo|Win32
		{3229DFE7-4EBA-3C84-99BF-EA1101C2C7A8}.Debug|Win32.ActiveCfg = Debug|Win32
		{3229DFE7-4EBA-3C84-99BF-EA1101C2C7A8}.Debug|Win32.Build.0 = Debug|Win32
		{3229DFE7-4EBA-3C84-99BF-EA1101C2C7A8}.Release|Win32.ActiveCfg = Release|Win32
		{3229DFE7-4EBA-3C84-99BF-EA1101C2C7A8}.Release|Win32.Build.0 = Release|Win32
		{3229DFE7-4EBA-3C84-99BF-EA1101C2C7A8}.MinSizeRel|Win32.ActiveCfg = MinSizeRel|Win32
		{3229DFE7-4EBA-3C84-99BF-EA1101C2C7A8}.MinSizeRel|Win32.Build.0 = MinSizeRel|Win32
		{3229DFE7-4EBA-3C84-99BF-EA1101C2C7A8}.RelWithDebInfo|Win32.ActiveCfg = RelWithDebInfo|Win32
		{3229DFE7-4EBA-3C84-99BF-EA1101C2C7A8}.RelWithDebInfo|Win32.Build.0 = RelWithDebInfo|Win32
		{78641E10-E58C-3507-9AD8-9790AE1B8001}.Debug|Win32.ActiveCfg = Debug|Win32
		{78641E10-E58C-3507-9AD8-9790AE1B8001}.Debug|Win32.Build.0 = Debug|Win32
		{78641E10-E58C-3507-9AD8-9790AE1B8001}.Release|Win32.ActiveCfg = Release|Win32
		{78641E10-E58C-3507-9AD8-9790AE1B8001}.Release|Win32.Build.0 = Release|Win32
		{78641E10-E58C-3507-9AD8-9790AE1B8001}.MinSizeRel|Win32.ActiveCfg = MinSizeRel|Win32
		{78641E10-E58C-3507-9AD8-9790AE1B8001}.MinSizeRel|Win32.Build.0 = MinSizeRel|Win32
		{78641E10-E58C-3507-9AD8-9790AE1B8001}.RelWithDebInfo|Win32.ActiveCfg = RelWithDebInfo|Win32
		{78641E10-E58C-3507-9AD8-9790AE1B8001}.RelWithDebInfo|Win32.Build.0 = RelWithDebInfo|Win32
		{D1510D52-5242-3096-A2C3-9697648F9FC5}.Debug|Win32.ActiveCfg = Debug|Win32
		{D1510D52-5242-3096-A2C3-9697648F9FC5}.Debug|Win32.Build.0 = Debug|Win32
		{D1510D52-5242-3096-A2C3-9697648F9FC5}.Release|Win32.ActiveCfg = Release|Win32
		{D1510D52-5242-3096-A2C3-9697648F9FC5}.Release|Win32.Build.0 = Release|Win32
		{D1510D52-5242-3096-A2C3-9697648F9FC5}.MinSizeRel|Win32.ActiveCfg = MinSizeRel|Win32
		{D1510D52-5242-3096-A2C3-9697648F9FC5}.MinSizeRel|Win32.Build.0 = MinSizeRel|Win32
		{D1510D52-5242-3096-A2C3-9697648F9FC5}.RelWithDebInfo|Win32.ActiveCfg = RelWithDebInfo|Win32
		{D1510D52-5242-3096-A2C3-9697648F9FC5}.RelWithDebInfo|Win32.Build.0 = RelWithDebInfo|Win32
		{34E6F2A2-5F4A-3047-9736-DD2E096439BD}.Debug|Win32.ActiveCfg = Debug|Win32
		{34E6F2A2-5F4A-3047-9736-DD2E096439BD}.Debug|Win32.Build.0 = Debug|Win32
		{34E6F2A2-5F4A-3047-9736-DD2E096439BD}.Release|Win32.ActiveCfg = Release|Win32
		{34E6F2A2-5F4A-3047-9736-DD2E096439BD}.Release|Win32.Build.0 = Release|Win32
		{34E6F2A2-5F4A-3047-9736-DD2E096439BD}.MinSizeRel|Win32.ActiveCfg = MinSizeRel|Win32
		{34E6F2A2-5F4A-3047-9736-DD2E096439BD}.MinSizeRel|Win32.Build.0 = MinSizeRel|Win32
		{34E6F2A2-5F4A-3047-9736-DD2E096439BD}.RelWithDebInfo|Win32.ActiveCfg = RelWithDebInfo|Win32
		{34E6F2A2-5F4A-3047-9736-DD2E096439BD}.RelWithDebInfo|Win32.Build.0 = RelWithDebInfo|Win32
		{3FA4D958-6853-3F20-818B-209073CDB610}.Debug|Win32.ActiveCfg = Debug|Win32
		{3FA4D958-6853-3F20-818B-209073CDB610}.Debug|Win32.Build.0 = Debug|Win32
		{3FA4D958-6853-3F20-818B-209073CDB610}.Release|Win32.ActiveCfg = Release|Win32
		{3FA4D958-6853-3F20-818B-209073CDB610}.Release|Win32.Build.0 = Release|Win32
		{3FA4D958-6853-3F20-818B-209073CDB610}.MinSizeRel|Win32.ActiveCfg = MinSizeRel|Win32
		{3FA4D958-6853-3F20-818B-209073CDB610}.MinSizeRel|Win32.Build.0 = MinSizeRel|Win32
		{3FA4D958-6853-3F20-818B-209073CDB610}.RelWithDebInfo|Win32.ActiveCfg = RelWithDebInfo|Win32
		{3FA4D958-6853-3F20-818B-209073CDB610}.RelWithDebInfo|Win32.Build.0 = RelWithDebInfo|Win32
		{8B50AC7F-F436-3FDB-940E-0E52B203F21F}.Debug|Win32.ActiveCfg = Debug|Win32
		{8B50AC7F-F436-3FDB-940E-0E52B203F21F}.Debug|Win32.Build.0 = Debug|Win32
		{8B50AC7F-F436-3FDB-940E-0E52B203F21F}.Release|Win32.ActiveCfg = Release|Win32
		{8B50AC7F-F436-3FDB-940E-0E52B203F21F}.Release|Win32.Build.0 = Release|Win32
		{8B50AC7F-F436-3FDB-940E-0E52B203F21F}.MinSizeRel|Win32.ActiveCfg = MinSizeRel|Win32
		{8B50AC7F-F436-3FDB-940E-0E52B203F21F}.MinSizeRel|Win32.Build.0 = MinSizeRel|Win32
		{8B50AC7F-F436-3FDB-940E-0E52B203F21F}.RelWithDebInfo|Win32.ActiveCfg = RelWithDebInfo|Win32
		{8B50AC7F-F436-3FDB-940E-0E52B203F21F}.RelWithDebInfo|Win32.Build.0 = RelWithDebInfo|Win32
		{506FA620-3AD1-3FE8-8B8F-0FF1357AB69C}.Debug|Win32.ActiveCfg = Debug|Win32
		{506FA620-3AD1-3FE8-8B8F-0FF1357AB69C}.Debug|Win32.Build.0 = Debug|Win32
		{506FA620-3AD1-3FE8-8B8F-0FF1357AB69C}.Release|Win32.ActiveCfg = Release|Win32
		{506FA620-3AD1-3FE8-8B8F-0FF1357AB69C}.Release|Win32.Build.0 = Release|Win32
		{506FA620-3AD1-3FE8-8B8F-0FF1357AB69C}.MinSizeRel|Win32.ActiveCfg = MinSizeRel|Win32
		{506FA620-3AD1-3FE8-8B8F-0FF1357AB69C}.MinSizeRel|Win32.Build.0 = MinSizeRel|Win32
		{506FA620-3AD1-3FE8-8B8F-0FF1357AB69C}.RelWithDebInfo|Win32.ActiveCfg = RelWithDebInfo|Win32
		{506FA620-3AD1-3FE8-8B8F-0FF1357AB69C}.RelWithDebInfo|Win32.Build.0 = RelWithDebInfo|Win32
		{732D0689-437F-382F-8442-AD4B9965FFB2}.Debug|Win32.ActiveCfg = Debug|Win32
		{732D0689-437F-382F-8442-AD4B9965FFB2}.Debug|Win32.Build.0 = Debug|Win32
		{732D0689-437F-382F-8442-AD4B9965FFB2}.Release|Win32.ActiveCfg = Release|Win32
		{732D0689-437F-382F-8442-AD4B9965FFB2}.Release|Win32.Build.0 = Release|Win32
		{732D0689-437F-382F-8442-AD4B9965FFB2}.MinSizeRel|Win32.ActiveCfg = MinSizeRel|Win32
		{732D0689-437F-382F-8442-AD4B9965FFB2}.MinSizeRel|Win32.Build.0 = MinSizeRel|Win32
		{732D0689-437F-382F-8442-AD4B9965FFB2}.RelWithDebInfo|Win32.ActiveCfg = RelWithDebInfo|Win32
		{732D0689-437F-382F-8442-AD4B9965FFB2}.RelWithDebInfo|Win32.Build.0 = RelWithDebInfo|Win32
		{5E470192-1354-396F-8BC7-2FF5340DE751}.Debug|Win32.ActiveCfg = Debug|Win32
		{5E470192-1354-396F-8BC7-2FF5340DE751}.Debug|Win32.Build.0 = Debug|Win32
		{5E470192-1354-396F-8BC7-2FF5340DE751}.Release|Win32.ActiveCfg = Release|Win32
		{5E470192-1354-396F-8BC7-2FF5340DE751}.Release|Win32.Build.0 = Release|Win32
		{5E470192-1354-396F-8BC7-2FF5340DE751}.MinSizeRel|Win32.ActiveCfg = MinSizeRel|Win32
		{5E470192-1354-396F-8BC7-2FF5340DE751}.MinSizeRel|Win32.Build.0 = MinSizeRel|Win32
		{5E470192-1354-396F-8BC7-2FF5340DE751}.RelWithDebInfo|Win32.ActiveCfg = RelWithDebInfo|Win32
		{5E470192-1354-396F-8BC7-2FF5340DE751}.RelWithDebInfo|Win32.Build.0 = RelWithDebInfo|Win32
		{B07073EB-67DA-3820-AC4A-762CBCF13692}.Debug|Win32.ActiveCfg = Debug|Win32
		{B07073EB-67DA-3820-AC4A-762CBCF13692}.Debug|Win32.Build.0 = Debug|Win32
		{B07073EB-67DA-3820-AC4A-762CBCF13692}.Release|Win32.ActiveCfg = Release|Win32
		{B07073EB-67DA-3820-AC4A-762CBCF13692}.Release|Win32.Build.0 = Release|Win32
		{B07073EB-67DA-3820-AC4A-762CBCF13692}.MinSizeRel|Win32.ActiveCfg = MinSizeRel|Win32
		{B07073EB-67DA-3820-AC4A-762CBCF13692}.MinSizeRel|Win32.Build.0 = MinSizeRel|Win32
		{B07073EB-67DA-3820-AC4A-762CBCF13692}.RelWithDebInfo|Win32.ActiveCfg = RelWithDebInfo|Win32
		{B07073EB-67DA-3820-AC4A-762CBCF13692}.RelWithDebInfo|Win32.Build.0 = RelWithDebInfo|Win32
		{E98A2501-3EBF-3081-8B67-E9C58DDCEBB2}.Debug|Win32.ActiveCfg = Debug|Win32
		{E98A2501-3EBF-3081-8B67-E9C58DDCEBB2}.Debug|Win32.Build.0 = Debug|Win32
		{E98A2501-3EBF-3081-8B67-E9C58DDCEBB2}.Release|Win32.ActiveCfg = Release|Win32
		{E98A2501-3EBF-3081-8B67-E9C58DDCEBB2}.Release|Win32.Build.0 = Release|Win32
		{E98A2501-3EBF-3081-8B67-E9C58DDCEBB2}.MinSizeRel|Win32.ActiveCfg = MinSizeRel|Win32
		{E98A2501-3EBF-3081-8B67-E9C58DDCEBB2}.MinSizeRel|Win32.Build.0 = MinSizeRel|Win32
		{E98A2501-3EBF-3081-8B67-E9C58DDCEBB2}.RelWithDebInfo|Win32.ActiveCfg = RelWithDebInfo|Win32
		{E98A2501-3EBF-3081-8B67-E9C58DDCEBB2}.RelWithDebInfo|Win32.Build.0 = RelWithDebInfo|Win32
	EndGlobalSection
	GlobalSection(NestedProjects) = preSolution
		{0CE586D1-8F16-3F20-8E4D-A20CA13F1BFD} = {31FA9E36-694B-37EA-BCED-CD65E60DBDF3}
		{64F92EA7-6A26-31F7-9B65-463352DF63EF} = {31FA9E36-694B-37EA-BCED-CD65E60DBDF3}
		{3229DFE7-4EBA-3C84-99BF-EA1101C2C7A8} = {38633762-F043-39FA-B3D9-EC6540D9FE54}
		{78641E10-E58C-3507-9AD8-9790AE1B8001} = {38633762-F043-39FA-B3D9-EC6540D9FE54}
		{D1510D52-5242-3096-A2C3-9697648F9FC5} = {38633762-F043-39FA-B3D9-EC6540D9FE54}
		{34E6F2A2-5F4A-3047-9736-DD2E096439BD} = {38633762-F043-39FA-B3D9-EC6540D9FE54}
		{3FA4D958-6853-3F20-818B-209073CDB610} = {38633762-F043-39FA-B3D9-EC6540D9FE54}
		{8B50AC7F-F436-3FDB-940E-0E52B203F21F} = {38633762-F043-39FA-B3D9-EC6540D9FE54}
		{506FA620-3AD1-3FE8-8B8F-0FF1357AB69C} = {38633762-F043-39FA-B3D9-EC6540D9FE54}
		{732D0689-437F-382F-8442-AD4B9965FFB2} = {38633762-F043-39FA-B3D9-EC6540D9FE54}
		{5E470192-1354-396F-8BC7-2FF5340DE751} = {38633762-F043-39FA-B3D9-EC6540D9FE54}
		{B07073EB-67DA-3820-AC4A-762CBCF13692} = {38633762-F043-39FA-B3D9-EC6540D9FE54}
		{E98A2501-3EBF-3081-8B67-E9C58DDCEBB2} = {38633762-F043-39FA-B3D9-EC6540D9FE54}
		{FF0ED3A5-2D20-34CE-BA49-F43B1E2F817A} = {DE8E68DC-4692-33D2-BBFB-E4CBF4DE1824}
	EndGlobalSection
	GlobalSection(ExtensibilityGlobals) = postSolution
		SolutionGuid = {46C98496-269A-3FF9-8CF8-00843C65F1DE}
	EndGlobalSection
	GlobalSection(ExtensibilityAddIns) = postSolution
	EndGlobalSection
EndGlobal
